{
  "name": "numerology-site",
  "lockfileVersion": 3,
  "requires": true,
  "packages": {
    "": {
      "dependencies": {
        "russian-nouns-js": "^2.5.0"
      }
    },
    "node_modules/russian-nouns-js": {
      "version": "2.5.0",
      "resolved": "https://registry.npmjs.org/russian-nouns-js/-/russian-nouns-js-2.5.0.tgz",
      "integrity": "sha512-117g7fp/cN1nFlBirW7ZhgKd2qGKwsnv7k+MrA437piryMNgteVmUlI525msCsif2FwkpD6VVVV0rp/hr0sZFg==",
      "license": "MIT"
    }
  }
}
